
Microsoft Visual Studio Solution File, Format Version 12.00
# Visual Studio Version 17
VisualStudioVersion = 17.9.34622.214
MinimumVisualStudioVersion = 10.0.40219.1
Project("{9A19103F-16F7-4668-BE54-9A1E7A4F7556}") = "TechBlog.Web", "TechBlog.Web\TechBlog.Web.csproj", "{75CC80D0-FB9F-4795-921A-8E945C675773}"
EndProject
Project("{9A19103F-16F7-4668-BE54-9A1E7A4F7556}") = "TechBlog.Entity", "TechBlog.Entity\TechBlog.Entity.csproj", "{78A09635-93D1-49AB-A202-C53F08B8B527}"
EndProject
Project("{9A19103F-16F7-4668-BE54-9A1E7A4F7556}") = "TechBlog.DataAccess", "TechBlog.DataAccess\TechBlog.DataAccess.csproj", "{030DF1B9-D215-4641-A85F-3C56B641D50E}"
EndProject
Project("{9A19103F-16F7-4668-BE54-9A1E7A4F7556}") = "TechBlog.Service", "TechBlog.Service\TechBlog.Service.csproj", "{966F54D1-BB6D-42CF-8A0D-5B744962C583}"
EndProject
Project("{9A19103F-16F7-4668-BE54-9A1E7A4F7556}") = "TechBlog.Core", "TechBlog.Core\TechBlog.Core.csproj", "{4F78CC3C-C2A8-45CE-8AEC-05C7D7D25B34}"
EndProject
Global
	GlobalSection(SolutionConfigurationPlatforms) = preSolution
		Debug|Any CPU = Debug|Any CPU
		Release|Any CPU = Release|Any CPU
	EndGlobalSection
	GlobalSection(ProjectConfigurationPlatforms) = postSolution
		{75CC80D0-FB9F-4795-921A-8E945C675773}.Debug|Any CPU.ActiveCfg = Debug|Any CPU
		{75CC80D0-FB9F-4795-921A-8E945C675773}.Debug|Any CPU.Build.0 = Debug|Any CPU
		{75CC80D0-FB9F-4795-921A-8E945C675773}.Release|Any CPU.ActiveCfg = Release|Any CPU
		{75CC80D0-FB9F-4795-921A-8E945C675773}.Release|Any CPU.Build.0 = Release|Any CPU
		{78A09635-93D1-49AB-A202-C53F08B8B527}.Debug|Any CPU.ActiveCfg = Debug|Any CPU
		{78A09635-93D1-49AB-A202-C53F08B8B527}.Debug|Any CPU.Build.0 = Debug|Any CPU
		{78A09635-93D1-49AB-A202-C53F08B8B527}.Release|Any CPU.ActiveCfg = Release|Any CPU
		{78A09635-93D1-49AB-A202-C53F08B8B527}.Release|Any CPU.Build.0 = Release|Any CPU
		{030DF1B9-D215-4641-A85F-3C56B641D50E}.Debug|Any CPU.ActiveCfg = Debug|Any CPU
		{030DF1B9-D215-4641-A85F-3C56B641D50E}.Debug|Any CPU.Build.0 = Debug|Any CPU
		{030DF1B9-D215-4641-A85F-3C56B641D50E}.Release|Any CPU.ActiveCfg = Release|Any CPU
		{030DF1B9-D215-4641-A85F-3C56B641D50E}.Release|Any CPU.Build.0 = Release|Any CPU
		{966F54D1-BB6D-42CF-8A0D-5B744962C583}.Debug|Any CPU.ActiveCfg = Debug|Any CPU
		{966F54D1-BB6D-42CF-8A0D-5B744962C583}.Debug|Any CPU.Build.0 = Debug|Any CPU
		{966F54D1-BB6D-42CF-8A0D-5B744962C583}.Release|Any CPU.ActiveCfg = Release|Any CPU
		{966F54D1-BB6D-42CF-8A0D-5B744962C583}.Release|Any CPU.Build.0 = Release|Any CPU
		{4F78CC3C-C2A8-45CE-8AEC-05C7D7D25B34}.Debug|Any CPU.ActiveCfg = Debug|Any CPU
		{4F78CC3C-C2A8-45CE-8AEC-05C7D7D25B34}.Debug|Any CPU.Build.0 = Debug|Any CPU
		{4F78CC3C-C2A8-45CE-8AEC-05C7D7D25B34}.Release|Any CPU.ActiveCfg = Release|Any CPU
		{4F78CC3C-C2A8-45CE-8AEC-05C7D7D25B34}.Release|Any CPU.Build.0 = Release|Any CPU
	EndGlobalSection
	GlobalSection(SolutionProperties) = preSolution
		HideSolutionNode = FALSE
	EndGlobalSection
	GlobalSection(ExtensibilityGlobals) = postSolution
		SolutionGuid = {721ED495-C707-4031-B3CD-3FCD16939B75}
	EndGlobalSection
EndGlobal
